
Microsoft Visual Studio Solution File, Format Version 12.00
# Visual Studio 14
VisualStudioVersion = 14.0.25420.1
MinimumVisualStudioVersion = 10.0.40219.1
Project("{2150E333-8FDC-42A3-9474-1A3956D46DE8}") = "1 - Presentation", "1 - Presentation", "{D97756FD-263E-455C-BD99-4B174A4F6B05}"
EndProject
Project("{2150E333-8FDC-42A3-9474-1A3956D46DE8}") = "2 - Application", "2 - Application", "{89C89D6E-118C-473B-A8A4-C5075D2FB92E}"
EndProject
Project("{2150E333-8FDC-42A3-9474-1A3956D46DE8}") = "3 - Domain", "3 - Domain", "{FFA16724-6BDE-434A-A450-9952D6591B71}"
EndProject
Project("{2150E333-8FDC-42A3-9474-1A3956D46DE8}") = "4 - Infrastructure", "4 - Infrastructure", "{99AC2DEE-3353-45EF-9EE2-A1DB160A7231}"
EndProject
Project("{FAE04EC0-301F-11D3-BF4B-00C04F79EFBC}") = "Domain", "src\Domain\Domain.csproj", "{A36D49E5-1B15-40AC-AFE6-687871FB4DDF}"
EndProject
Project("{2150E333-8FDC-42A3-9474-1A3956D46DE8}") = "4.1 - Data", "4.1 - Data", "{4E8403B1-7050-4BCB-A52F-A2F07A0279D0}"
EndProject
Project("{2150E333-8FDC-42A3-9474-1A3956D46DE8}") = "4.2 - CrossCutting", "4.2 - CrossCutting", "{F9DD4DEB-1786-4256-822B-D9F86DBB9D72}"
EndProject
Project("{FAE04EC0-301F-11D3-BF4B-00C04F79EFBC}") = "Infra.Data", "src\Infra.Data\Infra.Data.csproj", "{B3CC610C-BF98-41F5-A118-6A8B934B96C1}"
EndProject
Project("{2150E333-8FDC-42A3-9474-1A3956D46DE8}") = "4.2.1 - IoC", "4.2.1 - IoC", "{3F103D37-6B3B-4B26-AB57-CE37D093AF24}"
EndProject
Project("{FAE04EC0-301F-11D3-BF4B-00C04F79EFBC}") = "CrossCutting.Ioc", "src\CrossCutting.Ioc\CrossCutting.Ioc.csproj", "{74C66BBE-7BC0-443D-8B81-BB17184922EB}"
EndProject
Project("{FAE04EC0-301F-11D3-BF4B-00C04F79EFBC}") = "Application", "src\Application\Application.csproj", "{E0EBDC22-4161-49F6-8061-893BD1C3702B}"
EndProject
Project("{FAE04EC0-301F-11D3-BF4B-00C04F79EFBC}") = "SharedKernel", "src\SharedKernel\SharedKernel.csproj", "{0B380AFA-F2C4-4701-9002-2D803DB3CEFC}"
EndProject
Global
	GlobalSection(SolutionConfigurationPlatforms) = preSolution
		Debug|Any CPU = Debug|Any CPU
		Release|Any CPU = Release|Any CPU
	EndGlobalSection
	GlobalSection(ProjectConfigurationPlatforms) = postSolution
		{A36D49E5-1B15-40AC-AFE6-687871FB4DDF}.Debug|Any CPU.ActiveCfg = Debug|Any CPU
		{A36D49E5-1B15-40AC-AFE6-687871FB4DDF}.Debug|Any CPU.Build.0 = Debug|Any CPU
		{A36D49E5-1B15-40AC-AFE6-687871FB4DDF}.Release|Any CPU.ActiveCfg = Release|Any CPU
		{A36D49E5-1B15-40AC-AFE6-687871FB4DDF}.Release|Any CPU.Build.0 = Release|Any CPU
		{B3CC610C-BF98-41F5-A118-6A8B934B96C1}.Debug|Any CPU.ActiveCfg = Debug|Any CPU
		{B3CC610C-BF98-41F5-A118-6A8B934B96C1}.Debug|Any CPU.Build.0 = Debug|Any CPU
		{B3CC610C-BF98-41F5-A118-6A8B934B96C1}.Release|Any CPU.ActiveCfg = Release|Any CPU
		{B3CC610C-BF98-41F5-A118-6A8B934B96C1}.Release|Any CPU.Build.0 = Release|Any CPU
		{74C66BBE-7BC0-443D-8B81-BB17184922EB}.Debug|Any CPU.ActiveCfg = Debug|Any CPU
		{74C66BBE-7BC0-443D-8B81-BB17184922EB}.Debug|Any CPU.Build.0 = Debug|Any CPU
		{74C66BBE-7BC0-443D-8B81-BB17184922EB}.Release|Any CPU.ActiveCfg = Release|Any CPU
		{74C66BBE-7BC0-443D-8B81-BB17184922EB}.Release|Any CPU.Build.0 = Release|Any CPU
		{E0EBDC22-4161-49F6-8061-893BD1C3702B}.Debug|Any CPU.ActiveCfg = Debug|Any CPU
		{E0EBDC22-4161-49F6-8061-893BD1C3702B}.Debug|Any CPU.Build.0 = Debug|Any CPU
		{E0EBDC22-4161-49F6-8061-893BD1C3702B}.Release|Any CPU.ActiveCfg = Release|Any CPU
		{E0EBDC22-4161-49F6-8061-893BD1C3702B}.Release|Any CPU.Build.0 = Release|Any CPU
		{0B380AFA-F2C4-4701-9002-2D803DB3CEFC}.Debug|Any CPU.ActiveCfg = Debug|Any CPU
		{0B380AFA-F2C4-4701-9002-2D803DB3CEFC}.Debug|Any CPU.Build.0 = Debug|Any CPU
		{0B380AFA-F2C4-4701-9002-2D803DB3CEFC}.Release|Any CPU.ActiveCfg = Release|Any CPU
		{0B380AFA-F2C4-4701-9002-2D803DB3CEFC}.Release|Any CPU.Build.0 = Release|Any CPU
	EndGlobalSection
	GlobalSection(SolutionProperties) = preSolution
		HideSolutionNode = FALSE
	EndGlobalSection
	GlobalSection(NestedProjects) = preSolution
		{A36D49E5-1B15-40AC-AFE6-687871FB4DDF} = {FFA16724-6BDE-434A-A450-9952D6591B71}
		{4E8403B1-7050-4BCB-A52F-A2F07A0279D0} = {99AC2DEE-3353-45EF-9EE2-A1DB160A7231}
		{F9DD4DEB-1786-4256-822B-D9F86DBB9D72} = {99AC2DEE-3353-45EF-9EE2-A1DB160A7231}
		{B3CC610C-BF98-41F5-A118-6A8B934B96C1} = {4E8403B1-7050-4BCB-A52F-A2F07A0279D0}
		{3F103D37-6B3B-4B26-AB57-CE37D093AF24} = {F9DD4DEB-1786-4256-822B-D9F86DBB9D72}
		{74C66BBE-7BC0-443D-8B81-BB17184922EB} = {3F103D37-6B3B-4B26-AB57-CE37D093AF24}
		{E0EBDC22-4161-49F6-8061-893BD1C3702B} = {89C89D6E-118C-473B-A8A4-C5075D2FB92E}
		{0B380AFA-F2C4-4701-9002-2D803DB3CEFC} = {FFA16724-6BDE-434A-A450-9952D6591B71}
	EndGlobalSection
EndGlobal
